// !$*UTF8*$!
{
	archiveVersion = 1;
	classes = {
	};
	objectVersion = 55;
	objects = {

/* Begin PBXBuildFile section */
		80D6DD001C286DF8F1621377 /* Pods_PokeAPITests.framework in Frameworks */ = {isa = PBXBuildFile; fileRef = 9725C51C5A0CBD06798BA3AD /* Pods_PokeAPITests.framework */; };
		9E04865C2898B82A00FDD863 /* PokeListViewModel.swift in Sources */ = {isa = PBXBuildFile; fileRef = 9E04865B2898B82A00FDD863 /* PokeListViewModel.swift */; };
		9E04865F2898B88C00FDD863 /* ViewModelProtocol.swift in Sources */ = {isa = PBXBuildFile; fileRef = 9E04865E2898B88C00FDD863 /* ViewModelProtocol.swift */; };
		9E3BA330289A700300DF141E /* UITableView+Rx+Extension.swift in Sources */ = {isa = PBXBuildFile; fileRef = 9E3BA327289A700300DF141E /* UITableView+Rx+Extension.swift */; };
		9E3BA331289A700300DF141E /* ErrorTracker.swift in Sources */ = {isa = PBXBuildFile; fileRef = 9E3BA328289A700300DF141E /* ErrorTracker.swift */; };
		9E3BA332289A700300DF141E /* ActivityIndicator.swift in Sources */ = {isa = PBXBuildFile; fileRef = 9E3BA329289A700300DF141E /* ActivityIndicator.swift */; };
		9E3BA333289A700300DF141E /* BaseNavigationController.swift in Sources */ = {isa = PBXBuildFile; fileRef = 9E3BA32B289A700300DF141E /* BaseNavigationController.swift */; };
		9E3BA337289A707300DF141E /* Constants.swift in Sources */ = {isa = PBXBuildFile; fileRef = 9E3BA335289A707300DF141E /* Constants.swift */; };
		9E3BA338289A707300DF141E /* Color.swift in Sources */ = {isa = PBXBuildFile; fileRef = 9E3BA336289A707300DF141E /* Color.swift */; };
		9E3BA33D289A7AC400DF141E /* RemotePokeListUseCase.swift in Sources */ = {isa = PBXBuildFile; fileRef = 9E3BA33C289A7AC400DF141E /* RemotePokeListUseCase.swift */; };
		9E3BA340289ACC1000DF141E /* PokeListMapper.swift in Sources */ = {isa = PBXBuildFile; fileRef = 9E3BA33F289ACC1000DF141E /* PokeListMapper.swift */; };
		9E3BA342289ADEA200DF141E /* PokeCharacter.swift in Sources */ = {isa = PBXBuildFile; fileRef = 9E3BA341289ADEA200DF141E /* PokeCharacter.swift */; };
		9EE412B228935CAA00CA6066 /* AppDelegate.swift in Sources */ = {isa = PBXBuildFile; fileRef = 9EE412B128935CAA00CA6066 /* AppDelegate.swift */; };
		9EE412B428935CAA00CA6066 /* SceneDelegate.swift in Sources */ = {isa = PBXBuildFile; fileRef = 9EE412B328935CAA00CA6066 /* SceneDelegate.swift */; };
		9EE412BB28935CAB00CA6066 /* Assets.xcassets in Resources */ = {isa = PBXBuildFile; fileRef = 9EE412BA28935CAB00CA6066 /* Assets.xcassets */; };
		9EE412BE28935CAB00CA6066 /* LaunchScreen.storyboard in Resources */ = {isa = PBXBuildFile; fileRef = 9EE412BC28935CAB00CA6066 /* LaunchScreen.storyboard */; };
		9EE412C928935CAC00CA6066 /* PokeAPITests.swift in Sources */ = {isa = PBXBuildFile; fileRef = 9EE412C828935CAC00CA6066 /* PokeAPITests.swift */; };
		9EE412E228935D3B00CA6066 /* PokeListController.swift in Sources */ = {isa = PBXBuildFile; fileRef = 9EE412E128935D3B00CA6066 /* PokeListController.swift */; };
		9EE412EB28935DD800CA6066 /* UIView+Extension.swift in Sources */ = {isa = PBXBuildFile; fileRef = 9EE412E728935DD800CA6066 /* UIView+Extension.swift */; };
		9EE412EC28935DD800CA6066 /* UITableViewCell+Extension.swift in Sources */ = {isa = PBXBuildFile; fileRef = 9EE412E828935DD800CA6066 /* UITableViewCell+Extension.swift */; };
		9EE412ED28935DD800CA6066 /* UITableView+Extension.swift in Sources */ = {isa = PBXBuildFile; fileRef = 9EE412E928935DD800CA6066 /* UITableView+Extension.swift */; };
		9EE412EE28935DD800CA6066 /* PaddedLabel.swift in Sources */ = {isa = PBXBuildFile; fileRef = 9EE412EA28935DD800CA6066 /* PaddedLabel.swift */; };
		9EE412F428936B5300CA6066 /* PokeListCell.swift in Sources */ = {isa = PBXBuildFile; fileRef = 9EE412F328936B5300CA6066 /* PokeListCell.swift */; };
		C42432F94F6D26BA0518F8FD /* Pods_PokeAPI.framework in Frameworks */ = {isa = PBXBuildFile; fileRef = 0C125127E67A9C0DB3A67D53 /* Pods_PokeAPI.framework */; };
/* End PBXBuildFile section */

/* Begin PBXContainerItemProxy section */
		9EE412C528935CAC00CA6066 /* PBXContainerItemProxy */ = {
			isa = PBXContainerItemProxy;
			containerPortal = 9EE412A628935CAA00CA6066 /* Project object */;
			proxyType = 1;
			remoteGlobalIDString = 9EE412AD28935CAA00CA6066;
			remoteInfo = PokeAPI;
		};
/* End PBXContainerItemProxy section */

/* Begin PBXFileReference section */
		0C125127E67A9C0DB3A67D53 /* Pods_PokeAPI.framework */ = {isa = PBXFileReference; explicitFileType = wrapper.framework; includeInIndex = 0; path = Pods_PokeAPI.framework; sourceTree = BUILT_PRODUCTS_DIR; };
		3D4EA6CA66B60BC905E7365D /* Pods-PokeAPI.release.xcconfig */ = {isa = PBXFileReference; includeInIndex = 1; lastKnownFileType = text.xcconfig; name = "Pods-PokeAPI.release.xcconfig"; path = "Target Support Files/Pods-PokeAPI/Pods-PokeAPI.release.xcconfig"; sourceTree = "<group>"; };
		616434EAC3135F307AB3B352 /* Pods-PokeAPI.debug.xcconfig */ = {isa = PBXFileReference; includeInIndex = 1; lastKnownFileType = text.xcconfig; name = "Pods-PokeAPI.debug.xcconfig"; path = "Target Support Files/Pods-PokeAPI/Pods-PokeAPI.debug.xcconfig"; sourceTree = "<group>"; };
		668EEAC11EE17459AF5C7F47 /* Pods-PokeAPITests.release.xcconfig */ = {isa = PBXFileReference; includeInIndex = 1; lastKnownFileType = text.xcconfig; name = "Pods-PokeAPITests.release.xcconfig"; path = "Target Support Files/Pods-PokeAPITests/Pods-PokeAPITests.release.xcconfig"; sourceTree = "<group>"; };
		8BA23D0CA2D6CFAA1E2F2B4D /* Pods-PokeAPITests.debug.xcconfig */ = {isa = PBXFileReference; includeInIndex = 1; lastKnownFileType = text.xcconfig; name = "Pods-PokeAPITests.debug.xcconfig"; path = "Target Support Files/Pods-PokeAPITests/Pods-PokeAPITests.debug.xcconfig"; sourceTree = "<group>"; };
		9725C51C5A0CBD06798BA3AD /* Pods_PokeAPITests.framework */ = {isa = PBXFileReference; explicitFileType = wrapper.framework; includeInIndex = 0; path = Pods_PokeAPITests.framework; sourceTree = BUILT_PRODUCTS_DIR; };
		9E04865B2898B82A00FDD863 /* PokeListViewModel.swift */ = {isa = PBXFileReference; lastKnownFileType = sourcecode.swift; path = PokeListViewModel.swift; sourceTree = "<group>"; };
		9E04865E2898B88C00FDD863 /* ViewModelProtocol.swift */ = {isa = PBXFileReference; lastKnownFileType = sourcecode.swift; path = ViewModelProtocol.swift; sourceTree = "<group>"; };
		9E3BA327289A700300DF141E /* UITableView+Rx+Extension.swift */ = {isa = PBXFileReference; fileEncoding = 4; lastKnownFileType = sourcecode.swift; path = "UITableView+Rx+Extension.swift"; sourceTree = "<group>"; };
		9E3BA328289A700300DF141E /* ErrorTracker.swift */ = {isa = PBXFileReference; fileEncoding = 4; lastKnownFileType = sourcecode.swift; path = ErrorTracker.swift; sourceTree = "<group>"; };
		9E3BA329289A700300DF141E /* ActivityIndicator.swift */ = {isa = PBXFileReference; fileEncoding = 4; lastKnownFileType = sourcecode.swift; path = ActivityIndicator.swift; sourceTree = "<group>"; };
		9E3BA32B289A700300DF141E /* BaseNavigationController.swift */ = {isa = PBXFileReference; fileEncoding = 4; lastKnownFileType = sourcecode.swift; path = BaseNavigationController.swift; sourceTree = "<group>"; };
		9E3BA335289A707300DF141E /* Constants.swift */ = {isa = PBXFileReference; fileEncoding = 4; lastKnownFileType = sourcecode.swift; path = Constants.swift; sourceTree = "<group>"; };
		9E3BA336289A707300DF141E /* Color.swift */ = {isa = PBXFileReference; fileEncoding = 4; lastKnownFileType = sourcecode.swift; path = Color.swift; sourceTree = "<group>"; };
		9E3BA33C289A7AC400DF141E /* RemotePokeListUseCase.swift */ = {isa = PBXFileReference; lastKnownFileType = sourcecode.swift; path = RemotePokeListUseCase.swift; sourceTree = "<group>"; };
		9E3BA33F289ACC1000DF141E /* PokeListMapper.swift */ = {isa = PBXFileReference; lastKnownFileType = sourcecode.swift; path = PokeListMapper.swift; sourceTree = "<group>"; };
		9E3BA341289ADEA200DF141E /* PokeCharacter.swift */ = {isa = PBXFileReference; lastKnownFileType = sourcecode.swift; path = PokeCharacter.swift; sourceTree = "<group>"; };
		9EE412AE28935CAA00CA6066 /* PokeAPI.app */ = {isa = PBXFileReference; explicitFileType = wrapper.application; includeInIndex = 0; path = PokeAPI.app; sourceTree = BUILT_PRODUCTS_DIR; };
		9EE412B128935CAA00CA6066 /* AppDelegate.swift */ = {isa = PBXFileReference; lastKnownFileType = sourcecode.swift; path = AppDelegate.swift; sourceTree = "<group>"; };
		9EE412B328935CAA00CA6066 /* SceneDelegate.swift */ = {isa = PBXFileReference; lastKnownFileType = sourcecode.swift; path = SceneDelegate.swift; sourceTree = "<group>"; };
		9EE412BA28935CAB00CA6066 /* Assets.xcassets */ = {isa = PBXFileReference; lastKnownFileType = folder.assetcatalog; path = Assets.xcassets; sourceTree = "<group>"; };
		9EE412BD28935CAB00CA6066 /* Base */ = {isa = PBXFileReference; lastKnownFileType = file.storyboard; name = Base; path = Base.lproj/LaunchScreen.storyboard; sourceTree = "<group>"; };
		9EE412BF28935CAB00CA6066 /* Info.plist */ = {isa = PBXFileReference; lastKnownFileType = text.plist.xml; path = Info.plist; sourceTree = "<group>"; };
		9EE412C428935CAC00CA6066 /* PokeAPITests.xctest */ = {isa = PBXFileReference; explicitFileType = wrapper.cfbundle; includeInIndex = 0; path = PokeAPITests.xctest; sourceTree = BUILT_PRODUCTS_DIR; };
		9EE412C828935CAC00CA6066 /* PokeAPITests.swift */ = {isa = PBXFileReference; lastKnownFileType = sourcecode.swift; path = PokeAPITests.swift; sourceTree = "<group>"; };
		9EE412E128935D3B00CA6066 /* PokeListController.swift */ = {isa = PBXFileReference; lastKnownFileType = sourcecode.swift; path = PokeListController.swift; sourceTree = "<group>"; };
		9EE412E728935DD800CA6066 /* UIView+Extension.swift */ = {isa = PBXFileReference; fileEncoding = 4; lastKnownFileType = sourcecode.swift; path = "UIView+Extension.swift"; sourceTree = "<group>"; };
		9EE412E828935DD800CA6066 /* UITableViewCell+Extension.swift */ = {isa = PBXFileReference; fileEncoding = 4; lastKnownFileType = sourcecode.swift; path = "UITableViewCell+Extension.swift"; sourceTree = "<group>"; };
		9EE412E928935DD800CA6066 /* UITableView+Extension.swift */ = {isa = PBXFileReference; fileEncoding = 4; lastKnownFileType = sourcecode.swift; path = "UITableView+Extension.swift"; sourceTree = "<group>"; };
		9EE412EA28935DD800CA6066 /* PaddedLabel.swift */ = {isa = PBXFileReference; fileEncoding = 4; lastKnownFileType = sourcecode.swift; path = PaddedLabel.swift; sourceTree = "<group>"; };
		9EE412F328936B5300CA6066 /* PokeListCell.swift */ = {isa = PBXFileReference; lastKnownFileType = sourcecode.swift; path = PokeListCell.swift; sourceTree = "<group>"; };
/* End PBXFileReference section */

/* Begin PBXFrameworksBuildPhase section */
		9EE412AB28935CAA00CA6066 /* Frameworks */ = {
			isa = PBXFrameworksBuildPhase;
			buildActionMask = 2147483647;
			files = (
				C42432F94F6D26BA0518F8FD /* Pods_PokeAPI.framework in Frameworks */,
			);
			runOnlyForDeploymentPostprocessing = 0;
		};
		9EE412C128935CAC00CA6066 /* Frameworks */ = {
			isa = PBXFrameworksBuildPhase;
			buildActionMask = 2147483647;
			files = (
				80D6DD001C286DF8F1621377 /* Pods_PokeAPITests.framework in Frameworks */,
			);
			runOnlyForDeploymentPostprocessing = 0;
		};
/* End PBXFrameworksBuildPhase section */

/* Begin PBXGroup section */
		9E04865A2898B80E00FDD863 /* ViewModel */ = {
			isa = PBXGroup;
			children = (
				9E04865B2898B82A00FDD863 /* PokeListViewModel.swift */,
				9E3BA341289ADEA200DF141E /* PokeCharacter.swift */,
			);
			path = ViewModel;
			sourceTree = "<group>";
		};
		9E04865D2898B87900FDD863 /* Contract */ = {
			isa = PBXGroup;
			children = (
				9E04865E2898B88C00FDD863 /* ViewModelProtocol.swift */,
			);
			path = Contract;
			sourceTree = "<group>";
		};
		9E3BA320289A700300DF141E /* Common */ = {
			isa = PBXGroup;
			children = (
				9EE412E628935DD800CA6066 /* Extension */,
				9E3BA326289A700300DF141E /* Rx */,
				9E3BA32A289A700300DF141E /* Custom Views */,
			);
			path = Common;
			sourceTree = "<group>";
		};
		9E3BA326289A700300DF141E /* Rx */ = {
			isa = PBXGroup;
			children = (
				9E3BA327289A700300DF141E /* UITableView+Rx+Extension.swift */,
				9E3BA328289A700300DF141E /* ErrorTracker.swift */,
				9E3BA329289A700300DF141E /* ActivityIndicator.swift */,
			);
			path = Rx;
			sourceTree = "<group>";
		};
		9E3BA32A289A700300DF141E /* Custom Views */ = {
			isa = PBXGroup;
			children = (
				9E3BA32B289A700300DF141E /* BaseNavigationController.swift */,
			);
			path = "Custom Views";
			sourceTree = "<group>";
		};
		9E3BA334289A707300DF141E /* Constants */ = {
			isa = PBXGroup;
			children = (
				9E3BA335289A707300DF141E /* Constants.swift */,
				9E3BA336289A707300DF141E /* Color.swift */,
			);
			path = Constants;
			sourceTree = "<group>";
		};
		9E3BA339289A7A8100DF141E /* Domain */ = {
			isa = PBXGroup;
			children = (
				9E3BA33E289ACBF400DF141E /* Entitites */,
				9E3BA33B289A7A8D00DF141E /* Usecases */,
			);
			path = Domain;
			sourceTree = "<group>";
		};
		9E3BA33B289A7A8D00DF141E /* Usecases */ = {
			isa = PBXGroup;
			children = (
				9E3BA33C289A7AC400DF141E /* RemotePokeListUseCase.swift */,
			);
			path = Usecases;
			sourceTree = "<group>";
		};
		9E3BA33E289ACBF400DF141E /* Entitites */ = {
			isa = PBXGroup;
			children = (
				9E3BA33F289ACC1000DF141E /* PokeListMapper.swift */,
			);
			path = Entitites;
			sourceTree = "<group>";
		};
		9EE412A528935CAA00CA6066 = {
			isa = PBXGroup;
			children = (
				9EE412B028935CAA00CA6066 /* PokeAPI */,
				9EE412C728935CAC00CA6066 /* PokeAPITests */,
				9EE412AF28935CAA00CA6066 /* Products */,
				BE113F517BCC876B410524B6 /* Pods */,
				A5F8D07FE468282AB40A9567 /* Frameworks */,
			);
			sourceTree = "<group>";
		};
		9EE412AF28935CAA00CA6066 /* Products */ = {
			isa = PBXGroup;
			children = (
				9EE412AE28935CAA00CA6066 /* PokeAPI.app */,
				9EE412C428935CAC00CA6066 /* PokeAPITests.xctest */,
			);
			name = Products;
			sourceTree = "<group>";
		};
		9EE412B028935CAA00CA6066 /* PokeAPI */ = {
			isa = PBXGroup;
			children = (
				9EE412EF289369FA00CA6066 /* App */,
				9EE412B128935CAA00CA6066 /* AppDelegate.swift */,
				9EE412B328935CAA00CA6066 /* SceneDelegate.swift */,
				9EE412BA28935CAB00CA6066 /* Assets.xcassets */,
				9EE412BC28935CAB00CA6066 /* LaunchScreen.storyboard */,
				9EE412BF28935CAB00CA6066 /* Info.plist */,
			);
			path = PokeAPI;
			sourceTree = "<group>";
		};
		9EE412C728935CAC00CA6066 /* PokeAPITests */ = {
			isa = PBXGroup;
			children = (
				9EE412C828935CAC00CA6066 /* PokeAPITests.swift */,
			);
			path = PokeAPITests;
			sourceTree = "<group>";
		};
		9EE412E628935DD800CA6066 /* Extension */ = {
			isa = PBXGroup;
			children = (
				9EE412E728935DD800CA6066 /* UIView+Extension.swift */,
				9EE412E828935DD800CA6066 /* UITableViewCell+Extension.swift */,
				9EE412E928935DD800CA6066 /* UITableView+Extension.swift */,
				9EE412EA28935DD800CA6066 /* PaddedLabel.swift */,
			);
			name = Extension;
			path = ../Extension;
			sourceTree = "<group>";
		};
		9EE412EF289369FA00CA6066 /* App */ = {
			isa = PBXGroup;
			children = (
				9E3BA339289A7A8100DF141E /* Domain */,
				9EE412F0289369FD00CA6066 /* Scene */,
				9E3BA320289A700300DF141E /* Common */,
				9E3BA334289A707300DF141E /* Constants */,
			);
			path = App;
			sourceTree = "<group>";
		};
		9EE412F0289369FD00CA6066 /* Scene */ = {
			isa = PBXGroup;
			children = (
				9E04865D2898B87900FDD863 /* Contract */,
				9EE412F128936A0000CA6066 /* PokeList */,
			);
			path = Scene;
			sourceTree = "<group>";
		};
		9EE412F128936A0000CA6066 /* PokeList */ = {
			isa = PBXGroup;
			children = (
				9E04865A2898B80E00FDD863 /* ViewModel */,
				9EE412F228936B3700CA6066 /* Cells */,
				9EE412E128935D3B00CA6066 /* PokeListController.swift */,
			);
			name = PokeList;
			path = "Poké";
			sourceTree = "<group>";
		};
		9EE412F228936B3700CA6066 /* Cells */ = {
			isa = PBXGroup;
			children = (
				9EE412F328936B5300CA6066 /* PokeListCell.swift */,
			);
			path = Cells;
			sourceTree = "<group>";
		};
		A5F8D07FE468282AB40A9567 /* Frameworks */ = {
			isa = PBXGroup;
			children = (
				0C125127E67A9C0DB3A67D53 /* Pods_PokeAPI.framework */,
				9725C51C5A0CBD06798BA3AD /* Pods_PokeAPITests.framework */,
			);
			name = Frameworks;
			sourceTree = "<group>";
		};
		BE113F517BCC876B410524B6 /* Pods */ = {
			isa = PBXGroup;
			children = (
				616434EAC3135F307AB3B352 /* Pods-PokeAPI.debug.xcconfig */,
				3D4EA6CA66B60BC905E7365D /* Pods-PokeAPI.release.xcconfig */,
				8BA23D0CA2D6CFAA1E2F2B4D /* Pods-PokeAPITests.debug.xcconfig */,
				668EEAC11EE17459AF5C7F47 /* Pods-PokeAPITests.release.xcconfig */,
			);
			path = Pods;
			sourceTree = "<group>";
		};
/* End PBXGroup section */

/* Begin PBXNativeTarget section */
		9EE412AD28935CAA00CA6066 /* PokeAPI */ = {
			isa = PBXNativeTarget;
			buildConfigurationList = 9EE412D828935CAC00CA6066 /* Build configuration list for PBXNativeTarget "PokeAPI" */;
			buildPhases = (
				E8720691F7CF3BB543C4F460 /* [CP] Check Pods Manifest.lock */,
				9EE412AA28935CAA00CA6066 /* Sources */,
				9EE412AB28935CAA00CA6066 /* Frameworks */,
				9EE412AC28935CAA00CA6066 /* Resources */,
				9C40B2EC634ED9C58703B8EE /* [CP] Embed Pods Frameworks */,
			);
			buildRules = (
			);
			dependencies = (
			);
			name = PokeAPI;
			productName = PokeAPI;
			productReference = 9EE412AE28935CAA00CA6066 /* PokeAPI.app */;
			productType = "com.apple.product-type.application";
		};
		9EE412C328935CAC00CA6066 /* PokeAPITests */ = {
			isa = PBXNativeTarget;
			buildConfigurationList = 9EE412DB28935CAC00CA6066 /* Build configuration list for PBXNativeTarget "PokeAPITests" */;
			buildPhases = (
				4E61B755F4F2A22967CA8F11 /* [CP] Check Pods Manifest.lock */,
				9EE412C028935CAC00CA6066 /* Sources */,
				9EE412C128935CAC00CA6066 /* Frameworks */,
				9EE412C228935CAC00CA6066 /* Resources */,
			);
			buildRules = (
			);
			dependencies = (
				9EE412C628935CAC00CA6066 /* PBXTargetDependency */,
			);
			name = PokeAPITests;
			productName = PokeAPITests;
			productReference = 9EE412C428935CAC00CA6066 /* PokeAPITests.xctest */;
			productType = "com.apple.product-type.bundle.unit-test";
		};
/* End PBXNativeTarget section */

/* Begin PBXProject section */
		9EE412A628935CAA00CA6066 /* Project object */ = {
			isa = PBXProject;
			attributes = {
				BuildIndependentTargetsInParallel = 1;
				LastSwiftUpdateCheck = 1340;
				LastUpgradeCheck = 1340;
				TargetAttributes = {
					9EE412AD28935CAA00CA6066 = {
						CreatedOnToolsVersion = 13.4;
					};
					9EE412C328935CAC00CA6066 = {
						CreatedOnToolsVersion = 13.4;
						TestTargetID = 9EE412AD28935CAA00CA6066;
					};
				};
			};
			buildConfigurationList = 9EE412A928935CAA00CA6066 /* Build configuration list for PBXProject "PokeAPI" */;
			compatibilityVersion = "Xcode 13.0";
			developmentRegion = en;
			hasScannedForEncodings = 0;
			knownRegions = (
				en,
				Base,
			);
			mainGroup = 9EE412A528935CAA00CA6066;
			productRefGroup = 9EE412AF28935CAA00CA6066 /* Products */;
			projectDirPath = "";
			projectRoot = "";
			targets = (
				9EE412AD28935CAA00CA6066 /* PokeAPI */,
				9EE412C328935CAC00CA6066 /* PokeAPITests */,
			);
		};
/* End PBXProject section */

/* Begin PBXResourcesBuildPhase section */
		9EE412AC28935CAA00CA6066 /* Resources */ = {
			isa = PBXResourcesBuildPhase;
			buildActionMask = 2147483647;
			files = (
				9EE412BE28935CAB00CA6066 /* LaunchScreen.storyboard in Resources */,
				9EE412BB28935CAB00CA6066 /* Assets.xcassets in Resources */,
			);
			runOnlyForDeploymentPostprocessing = 0;
		};
		9EE412C228935CAC00CA6066 /* Resources */ = {
			isa = PBXResourcesBuildPhase;
			buildActionMask = 2147483647;
			files = (
			);
			runOnlyForDeploymentPostprocessing = 0;
		};
/* End PBXResourcesBuildPhase section */

/* Begin PBXShellScriptBuildPhase section */
		4E61B755F4F2A22967CA8F11 /* [CP] Check Pods Manifest.lock */ = {
			isa = PBXShellScriptBuildPhase;
			buildActionMask = 2147483647;
			files = (
			);
			inputFileListPaths = (
			);
			inputPaths = (
				"${PODS_PODFILE_DIR_PATH}/Podfile.lock",
				"${PODS_ROOT}/Manifest.lock",
			);
			name = "[CP] Check Pods Manifest.lock";
			outputFileListPaths = (
			);
			outputPaths = (
				"$(DERIVED_FILE_DIR)/Pods-PokeAPITests-checkManifestLockResult.txt",
			);
			runOnlyForDeploymentPostprocessing = 0;
			shellPath = /bin/sh;
			shellScript = "diff \"${PODS_PODFILE_DIR_PATH}/Podfile.lock\" \"${PODS_ROOT}/Manifest.lock\" > /dev/null\nif [ $? != 0 ] ; then\n    # print error to STDERR\n    echo \"error: The sandbox is not in sync with the Podfile.lock. Run 'pod install' or update your CocoaPods installation.\" >&2\n    exit 1\nfi\n# This output is used by Xcode 'outputs' to avoid re-running this script phase.\necho \"SUCCESS\" > \"${SCRIPT_OUTPUT_FILE_0}\"\n";
			showEnvVarsInLog = 0;
		};
		9C40B2EC634ED9C58703B8EE /* [CP] Embed Pods Frameworks */ = {
			isa = PBXShellScriptBuildPhase;
			buildActionMask = 2147483647;
			files = (
			);
			inputFileListPaths = (
				"${PODS_ROOT}/Target Support Files/Pods-PokeAPI/Pods-PokeAPI-frameworks-${CONFIGURATION}-input-files.xcfilelist",
			);
			name = "[CP] Embed Pods Frameworks";
			outputFileListPaths = (
				"${PODS_ROOT}/Target Support Files/Pods-PokeAPI/Pods-PokeAPI-frameworks-${CONFIGURATION}-output-files.xcfilelist",
			);
			runOnlyForDeploymentPostprocessing = 0;
			shellPath = /bin/sh;
			shellScript = "\"${PODS_ROOT}/Target Support Files/Pods-PokeAPI/Pods-PokeAPI-frameworks.sh\"\n";
			showEnvVarsInLog = 0;
		};
		E8720691F7CF3BB543C4F460 /* [CP] Check Pods Manifest.lock */ = {
			isa = PBXShellScriptBuildPhase;
			buildActionMask = 2147483647;
			files = (
			);
			inputFileListPaths = (
			);
			inputPaths = (
				"${PODS_PODFILE_DIR_PATH}/Podfile.lock",
				"${PODS_ROOT}/Manifest.lock",
			);
			name = "[CP] Check Pods Manifest.lock";
			outputFileListPaths = (
			);
			outputPaths = (
				"$(DERIVED_FILE_DIR)/Pods-PokeAPI-checkManifestLockResult.txt",
			);
			runOnlyForDeploymentPostprocessing = 0;
			shellPath = /bin/sh;
			shellScript = "diff \"${PODS_PODFILE_DIR_PATH}/Podfile.lock\" \"${PODS_ROOT}/Manifest.lock\" > /dev/null\nif [ $? != 0 ] ; then\n    # print error to STDERR\n    echo \"error: The sandbox is not in sync with the Podfile.lock. Run 'pod install' or update your CocoaPods installation.\" >&2\n    exit 1\nfi\n# This output is used by Xcode 'outputs' to avoid re-running this script phase.\necho \"SUCCESS\" > \"${SCRIPT_OUTPUT_FILE_0}\"\n";
			showEnvVarsInLog = 0;
		};
/* End PBXShellScriptBuildPhase section */

/* Begin PBXSourcesBuildPhase section */
		9EE412AA28935CAA00CA6066 /* Sources */ = {
			isa = PBXSourcesBuildPhase;
			buildActionMask = 2147483647;
			files = (
				9E04865C2898B82A00FDD863 /* PokeListViewModel.swift in Sources */,
				9E3BA330289A700300DF141E /* UITableView+Rx+Extension.swift in Sources */,
				9E3BA331289A700300DF141E /* ErrorTracker.swift in Sources */,
				9E3BA33D289A7AC400DF141E /* RemotePokeListUseCase.swift in Sources */,
				9EE412F428936B5300CA6066 /* PokeListCell.swift in Sources */,
				9EE412EC28935DD800CA6066 /* UITableViewCell+Extension.swift in Sources */,
				9E3BA338289A707300DF141E /* Color.swift in Sources */,
				9E3BA342289ADEA200DF141E /* PokeCharacter.swift in Sources */,
				9E3BA337289A707300DF141E /* Constants.swift in Sources */,
				9EE412ED28935DD800CA6066 /* UITableView+Extension.swift in Sources */,
				9EE412B228935CAA00CA6066 /* AppDelegate.swift in Sources */,
				9EE412B428935CAA00CA6066 /* SceneDelegate.swift in Sources */,
				9E3BA340289ACC1000DF141E /* PokeListMapper.swift in Sources */,
				9E04865F2898B88C00FDD863 /* ViewModelProtocol.swift in Sources */,
				9EE412EB28935DD800CA6066 /* UIView+Extension.swift in Sources */,
				9EE412EE28935DD800CA6066 /* PaddedLabel.swift in Sources */,
				9E3BA333289A700300DF141E /* BaseNavigationController.swift in Sources */,
				9EE412E228935D3B00CA6066 /* PokeListController.swift in Sources */,
				9E3BA332289A700300DF141E /* ActivityIndicator.swift in Sources */,
			);
			runOnlyForDeploymentPostprocessing = 0;
		};
		9EE412C028935CAC00CA6066 /* Sources */ = {
			isa = PBXSourcesBuildPhase;
			buildActionMask = 2147483647;
			files = (
				9EE412C928935CAC00CA6066 /* PokeAPITests.swift in Sources */,
			);
			runOnlyForDeploymentPostprocessing = 0;
		};
/* End PBXSourcesBuildPhase section */

/* Begin PBXTargetDependency section */
		9EE412C628935CAC00CA6066 /* PBXTargetDependency */ = {
			isa = PBXTargetDependency;
			target = 9EE412AD28935CAA00CA6066 /* PokeAPI */;
			targetProxy = 9EE412C528935CAC00CA6066 /* PBXContainerItemProxy */;
		};
/* End PBXTargetDependency section */

/* Begin PBXVariantGroup section */
		9EE412BC28935CAB00CA6066 /* LaunchScreen.storyboard */ = {
			isa = PBXVariantGroup;
			children = (
				9EE412BD28935CAB00CA6066 /* Base */,
			);
			name = LaunchScreen.storyboard;
			sourceTree = "<group>";
		};
/* End PBXVariantGroup section */

/* Begin XCBuildConfiguration section */
		9EE412D628935CAC00CA6066 /* Debug */ = {
			isa = XCBuildConfiguration;
			buildSettings = {
				ALWAYS_SEARCH_USER_PATHS = NO;
				CLANG_ANALYZER_NONNULL = YES;
				CLANG_ANALYZER_NUMBER_OBJECT_CONVERSION = YES_AGGRESSIVE;
				CLANG_CXX_LANGUAGE_STANDARD = "gnu++17";
				CLANG_ENABLE_MODULES = YES;
				CLANG_ENABLE_OBJC_ARC = YES;
				CLANG_ENABLE_OBJC_WEAK = YES;
				CLANG_WARN_BLOCK_CAPTURE_AUTORELEASING = YES;
				CLANG_WARN_BOOL_CONVERSION = YES;
				CLANG_WARN_COMMA = YES;
				CLANG_WARN_CONSTANT_CONVERSION = YES;
				CLANG_WARN_DEPRECATED_OBJC_IMPLEMENTATIONS = YES;
				CLANG_WARN_DIRECT_OBJC_ISA_USAGE = YES_ERROR;
				CLANG_WARN_DOCUMENTATION_COMMENTS = YES;
				CLANG_WARN_EMPTY_BODY = YES;
				CLANG_WARN_ENUM_CONVERSION = YES;
				CLANG_WARN_INFINITE_RECURSION = YES;
				CLANG_WARN_INT_CONVERSION = YES;
				CLANG_WARN_NON_LITERAL_NULL_CONVERSION = YES;
				CLANG_WARN_OBJC_IMPLICIT_RETAIN_SELF = YES;
				CLANG_WARN_OBJC_LITERAL_CONVERSION = YES;
				CLANG_WARN_OBJC_ROOT_CLASS = YES_ERROR;
				CLANG_WARN_QUOTED_INCLUDE_IN_FRAMEWORK_HEADER = YES;
				CLANG_WARN_RANGE_LOOP_ANALYSIS = YES;
				CLANG_WARN_STRICT_PROTOTYPES = YES;
				CLANG_WARN_SUSPICIOUS_MOVE = YES;
				CLANG_WARN_UNGUARDED_AVAILABILITY = YES_AGGRESSIVE;
				CLANG_WARN_UNREACHABLE_CODE = YES;
				CLANG_WARN__DUPLICATE_METHOD_MATCH = YES;
				COPY_PHASE_STRIP = NO;
				DEBUG_INFORMATION_FORMAT = dwarf;
				ENABLE_STRICT_OBJC_MSGSEND = YES;
				ENABLE_TESTABILITY = YES;
				GCC_C_LANGUAGE_STANDARD = gnu11;
				GCC_DYNAMIC_NO_PIC = NO;
				GCC_NO_COMMON_BLOCKS = YES;
				GCC_OPTIMIZATION_LEVEL = 0;
				GCC_PREPROCESSOR_DEFINITIONS = (
					"DEBUG=1",
					"$(inherited)",
				);
				GCC_WARN_64_TO_32_BIT_CONVERSION = YES;
				GCC_WARN_ABOUT_RETURN_TYPE = YES_ERROR;
				GCC_WARN_UNDECLARED_SELECTOR = YES;
				GCC_WARN_UNINITIALIZED_AUTOS = YES_AGGRESSIVE;
				GCC_WARN_UNUSED_FUNCTION = YES;
				GCC_WARN_UNUSED_VARIABLE = YES;
				IPHONEOS_DEPLOYMENT_TARGET = 15.5;
				MTL_ENABLE_DEBUG_INFO = INCLUDE_SOURCE;
				MTL_FAST_MATH = YES;
				ONLY_ACTIVE_ARCH = YES;
				SDKROOT = iphoneos;
				SWIFT_ACTIVE_COMPILATION_CONDITIONS = DEBUG;
				SWIFT_OPTIMIZATION_LEVEL = "-Onone";
			};
			name = Debug;
		};
		9EE412D728935CAC00CA6066 /* Release */ = {
			isa = XCBuildConfiguration;
			buildSettings = {
				ALWAYS_SEARCH_USER_PATHS = NO;
				CLANG_ANALYZER_NONNULL = YES;
				CLANG_ANALYZER_NUMBER_OBJECT_CONVERSION = YES_AGGRESSIVE;
				CLANG_CXX_LANGUAGE_STANDARD = "gnu++17";
				CLANG_ENABLE_MODULES = YES;
				CLANG_ENABLE_OBJC_ARC = YES;
				CLANG_ENABLE_OBJC_WEAK = YES;
				CLANG_WARN_BLOCK_CAPTURE_AUTORELEASING = YES;
				CLANG_WARN_BOOL_CONVERSION = YES;
				CLANG_WARN_COMMA = YES;
				CLANG_WARN_CONSTANT_CONVERSION = YES;
				CLANG_WARN_DEPRECATED_OBJC_IMPLEMENTATIONS = YES;
				CLANG_WARN_DIRECT_OBJC_ISA_USAGE = YES_ERROR;
				CLANG_WARN_DOCUMENTATION_COMMENTS = YES;
				CLANG_WARN_EMPTY_BODY = YES;
				CLANG_WARN_ENUM_CONVERSION = YES;
				CLANG_WARN_INFINITE_RECURSION = YES;
				CLANG_WARN_INT_CONVERSION = YES;
				CLANG_WARN_NON_LITERAL_NULL_CONVERSION = YES;
				CLANG_WARN_OBJC_IMPLICIT_RETAIN_SELF = YES;
				CLANG_WARN_OBJC_LITERAL_CONVERSION = YES;
				CLANG_WARN_OBJC_ROOT_CLASS = YES_ERROR;
				CLANG_WARN_QUOTED_INCLUDE_IN_FRAMEWORK_HEADER = YES;
				CLANG_WARN_RANGE_LOOP_ANALYSIS = YES;
				CLANG_WARN_STRICT_PROTOTYPES = YES;
				CLANG_WARN_SUSPICIOUS_MOVE = YES;
				CLANG_WARN_UNGUARDED_AVAILABILITY = YES_AGGRESSIVE;
				CLANG_WARN_UNREACHABLE_CODE = YES;
				CLANG_WARN__DUPLICATE_METHOD_MATCH = YES;
				COPY_PHASE_STRIP = NO;
				DEBUG_INFORMATION_FORMAT = "dwarf-with-dsym";
				ENABLE_NS_ASSERTIONS = NO;
				ENABLE_STRICT_OBJC_MSGSEND = YES;
				GCC_C_LANGUAGE_STANDARD = gnu11;
				GCC_NO_COMMON_BLOCKS = YES;
				GCC_WARN_64_TO_32_BIT_CONVERSION = YES;
				GCC_WARN_ABOUT_RETURN_TYPE = YES_ERROR;
				GCC_WARN_UNDECLARED_SELECTOR = YES;
				GCC_WARN_UNINITIALIZED_AUTOS = YES_AGGRESSIVE;
				GCC_WARN_UNUSED_FUNCTION = YES;
				GCC_WARN_UNUSED_VARIABLE = YES;
				IPHONEOS_DEPLOYMENT_TARGET = 15.5;
				MTL_ENABLE_DEBUG_INFO = NO;
				MTL_FAST_MATH = YES;
				SDKROOT = iphoneos;
				SWIFT_COMPILATION_MODE = wholemodule;
				SWIFT_OPTIMIZATION_LEVEL = "-O";
				VALIDATE_PRODUCT = YES;
			};
			name = Release;
		};
		9EE412D928935CAC00CA6066 /* Debug */ = {
			isa = XCBuildConfiguration;
			baseConfigurationReference = 616434EAC3135F307AB3B352 /* Pods-PokeAPI.debug.xcconfig */;
			buildSettings = {
				ASSETCATALOG_COMPILER_APPICON_NAME = AppIcon;
				ASSETCATALOG_COMPILER_GLOBAL_ACCENT_COLOR_NAME = AccentColor;
				CODE_SIGN_STYLE = Automatic;
				CURRENT_PROJECT_VERSION = 1;
				GENERATE_INFOPLIST_FILE = YES;
				INFOPLIST_FILE = PokeAPI/Info.plist;
				INFOPLIST_KEY_UIApplicationSupportsIndirectInputEvents = YES;
				INFOPLIST_KEY_UILaunchStoryboardName = LaunchScreen;
				INFOPLIST_KEY_UISupportedInterfaceOrientations_iPad = "UIInterfaceOrientationPortrait UIInterfaceOrientationPortraitUpsideDown UIInterfaceOrientationLandscapeLeft UIInterfaceOrientationLandscapeRight";
				INFOPLIST_KEY_UISupportedInterfaceOrientations_iPhone = "UIInterfaceOrientationPortrait UIInterfaceOrientationLandscapeLeft UIInterfaceOrientationLandscapeRight";
				LD_RUNPATH_SEARCH_PATHS = (
					"$(inherited)",
					"@executable_path/Frameworks",
				);
				MARKETING_VERSION = 1.0;
				PRODUCT_BUNDLE_IDENTIFIER = co.ed.course.PokeAPI;
				PRODUCT_NAME = "$(TARGET_NAME)";
				SWIFT_EMIT_LOC_STRINGS = YES;
				SWIFT_VERSION = 5.0;
				TARGETED_DEVICE_FAMILY = "1,2";
			};
			name = Debug;
		};
		9EE412DA28935CAC00CA6066 /* Release */ = {
			isa = XCBuildConfiguration;
			baseConfigurationReference = 3D4EA6CA66B60BC905E7365D /* Pods-PokeAPI.release.xcconfig */;
			buildSettings = {
				ASSETCATALOG_COMPILER_APPICON_NAME = AppIcon;
				ASSETCATALOG_COMPILER_GLOBAL_ACCENT_COLOR_NAME = AccentColor;
				CODE_SIGN_STYLE = Automatic;
				CURRENT_PROJECT_VERSION = 1;
				GENERATE_INFOPLIST_FILE = YES;
				INFOPLIST_FILE = PokeAPI/Info.plist;
				INFOPLIST_KEY_UIApplicationSupportsIndirectInputEvents = YES;
				INFOPLIST_KEY_UILaunchStoryboardName = LaunchScreen;
				INFOPLIST_KEY_UISupportedInterfaceOrientations_iPad = "UIInterfaceOrientationPortrait UIInterfaceOrientationPortraitUpsideDown UIInterfaceOrientationLandscapeLeft UIInterfaceOrientationLandscapeRight";
				INFOPLIST_KEY_UISupportedInterfaceOrientations_iPhone = "UIInterfaceOrientationPortrait UIInterfaceOrientationLandscapeLeft UIInterfaceOrientationLandscapeRight";
				LD_RUNPATH_SEARCH_PATHS = (
					"$(inherited)",
					"@executable_path/Frameworks",
				);
				MARKETING_VERSION = 1.0;
				PRODUCT_BUNDLE_IDENTIFIER = co.ed.course.PokeAPI;
				PRODUCT_NAME = "$(TARGET_NAME)";
				SWIFT_EMIT_LOC_STRINGS = YES;
				SWIFT_VERSION = 5.0;
				TARGETED_DEVICE_FAMILY = "1,2";
			};
			name = Release;
		};
		9EE412DC28935CAC00CA6066 /* Debug */ = {
			isa = XCBuildConfiguration;
			baseConfigurationReference = 8BA23D0CA2D6CFAA1E2F2B4D /* Pods-PokeAPITests.debug.xcconfig */;
			buildSettings = {
				ALWAYS_EMBED_SWIFT_STANDARD_LIBRARIES = YES;
				BUNDLE_LOADER = "$(TEST_HOST)";
				CODE_SIGN_STYLE = Automatic;
				CURRENT_PROJECT_VERSION = 1;
				GENERATE_INFOPLIST_FILE = YES;
				IPHONEOS_DEPLOYMENT_TARGET = 15.5;
				MARKETING_VERSION = 1.0;
				PRODUCT_BUNDLE_IDENTIFIER = co.ed.course.PokeAPITests;
				PRODUCT_NAME = "$(TARGET_NAME)";
				SWIFT_EMIT_LOC_STRINGS = NO;
				SWIFT_VERSION = 5.0;
				TARGETED_DEVICE_FAMILY = "1,2";
				TEST_HOST = "$(BUILT_PRODUCTS_DIR)/PokeAPI.app/PokeAPI";
			};
			name = Debug;
		};
		9EE412DD28935CAC00CA6066 /* Release */ = {
			isa = XCBuildConfiguration;
			baseConfigurationReference = 668EEAC11EE17459AF5C7F47 /* Pods-PokeAPITests.release.xcconfig */;
			buildSettings = {
				ALWAYS_EMBED_SWIFT_STANDARD_LIBRARIES = YES;
				BUNDLE_LOADER = "$(TEST_HOST)";
				CODE_SIGN_STYLE = Automatic;
				CURRENT_PROJECT_VERSION = 1;
				GENERATE_INFOPLIST_FILE = YES;
				IPHONEOS_DEPLOYMENT_TARGET = 15.5;
				MARKETING_VERSION = 1.0;
				PRODUCT_BUNDLE_IDENTIFIER = co.ed.course.PokeAPITests;
				PRODUCT_NAME = "$(TARGET_NAME)";
				SWIFT_EMIT_LOC_STRINGS = NO;
				SWIFT_VERSION = 5.0;
				TARGETED_DEVICE_FAMILY = "1,2";
				TEST_HOST = "$(BUILT_PRODUCTS_DIR)/PokeAPI.app/PokeAPI";
			};
			name = Release;
		};
/* End XCBuildConfiguration section */

/* Begin XCConfigurationList section */
		9EE412A928935CAA00CA6066 /* Build configuration list for PBXProject "PokeAPI" */ = {
			isa = XCConfigurationList;
			buildConfigurations = (
				9EE412D628935CAC00CA6066 /* Debug */,
				9EE412D728935CAC00CA6066 /* Release */,
			);
			defaultConfigurationIsVisible = 0;
			defaultConfigurationName = Release;
		};
		9EE412D828935CAC00CA6066 /* Build configuration list for PBXNativeTarget "PokeAPI" */ = {
			isa = XCConfigurationList;
			buildConfigurations = (
				9EE412D928935CAC00CA6066 /* Debug */,
				9EE412DA28935CAC00CA6066 /* Release */,
			);
			defaultConfigurationIsVisible = 0;
			defaultConfigurationName = Release;
		};
		9EE412DB28935CAC00CA6066 /* Build configuration list for PBXNativeTarget "PokeAPITests" */ = {
			isa = XCConfigurationList;
			buildConfigurations = (
				9EE412DC28935CAC00CA6066 /* Debug */,
				9EE412DD28935CAC00CA6066 /* Release */,
			);
			defaultConfigurationIsVisible = 0;
			defaultConfigurationName = Release;
		};
/* End XCConfigurationList section */
	};
	rootObject = 9EE412A628935CAA00CA6066 /* Project object */;
}
